
Microsoft Visual Studio Solution File, Format Version 12.00
# Visual Studio Version 16
VisualStudioVersion = 16.6.30114.105
MinimumVisualStudioVersion = 10.0.40219.1
Project("{FAE04EC0-301F-11D3-BF4B-00C04F79EFBC}") = "Idp.Gpx.Common", "Idp.Gpx.Common\Idp.Gpx.Common.csproj", "{BE02402A-57BF-48B6-B17F-92834484E3BC}"
EndProject
Project("{FAE04EC0-301F-11D3-BF4B-00C04F79EFBC}") = "Idp.Gpx.Silhouette", "Idp.Gpx.Silhouette\Idp.Gpx.Silhouette.csproj", "{3707FC4C-2A0F-4DF5-BE37-585116226002}"
EndProject
Project("{FAE04EC0-301F-11D3-BF4B-00C04F79EFBC}") = "Idp.Gpx.Snatch", "Idp.Gpx.Snatch\Idp.Gpx.Snatch.csproj", "{B108BD3D-8A09-46BF-9E71-AF7FF6F5EEA7}"
EndProject
Project("{FAE04EC0-301F-11D3-BF4B-00C04F79EFBC}") = "XYZ", "XYZ\XYZ.csproj", "{301E88BE-82B1-4AFD-8E49-CF4E78B7065F}"
EndProject
Global
	GlobalSection(SolutionConfigurationPlatforms) = preSolution
		Debug|Any CPU = Debug|Any CPU
		Debug|x64 = Debug|x64
		Debug|x86 = Debug|x86
		Release|Any CPU = Release|Any CPU
		Release|x64 = Release|x64
		Release|x86 = Release|x86
	EndGlobalSection
	GlobalSection(SolutionProperties) = preSolution
		HideSolutionNode = FALSE
	EndGlobalSection
	GlobalSection(ProjectConfigurationPlatforms) = postSolution
		{BE02402A-57BF-48B6-B17F-92834484E3BC}.Debug|Any CPU.ActiveCfg = Debug|Any CPU
		{BE02402A-57BF-48B6-B17F-92834484E3BC}.Debug|Any CPU.Build.0 = Debug|Any CPU
		{BE02402A-57BF-48B6-B17F-92834484E3BC}.Debug|x64.ActiveCfg = Debug|Any CPU
		{BE02402A-57BF-48B6-B17F-92834484E3BC}.Debug|x64.Build.0 = Debug|Any CPU
		{BE02402A-57BF-48B6-B17F-92834484E3BC}.Debug|x86.ActiveCfg = Debug|Any CPU
		{BE02402A-57BF-48B6-B17F-92834484E3BC}.Debug|x86.Build.0 = Debug|Any CPU
		{BE02402A-57BF-48B6-B17F-92834484E3BC}.Release|Any CPU.ActiveCfg = Release|Any CPU
		{BE02402A-57BF-48B6-B17F-92834484E3BC}.Release|Any CPU.Build.0 = Release|Any CPU
		{BE02402A-57BF-48B6-B17F-92834484E3BC}.Release|x64.ActiveCfg = Release|Any CPU
		{BE02402A-57BF-48B6-B17F-92834484E3BC}.Release|x64.Build.0 = Release|Any CPU
		{BE02402A-57BF-48B6-B17F-92834484E3BC}.Release|x86.ActiveCfg = Release|Any CPU
		{BE02402A-57BF-48B6-B17F-92834484E3BC}.Release|x86.Build.0 = Release|Any CPU
		{3707FC4C-2A0F-4DF5-BE37-585116226002}.Debug|Any CPU.ActiveCfg = Debug|Any CPU
		{3707FC4C-2A0F-4DF5-BE37-585116226002}.Debug|Any CPU.Build.0 = Debug|Any CPU
		{3707FC4C-2A0F-4DF5-BE37-585116226002}.Debug|x64.ActiveCfg = Debug|Any CPU
		{3707FC4C-2A0F-4DF5-BE37-585116226002}.Debug|x64.Build.0 = Debug|Any CPU
		{3707FC4C-2A0F-4DF5-BE37-585116226002}.Debug|x86.ActiveCfg = Debug|Any CPU
		{3707FC4C-2A0F-4DF5-BE37-585116226002}.Debug|x86.Build.0 = Debug|Any CPU
		{3707FC4C-2A0F-4DF5-BE37-585116226002}.Release|Any CPU.ActiveCfg = Release|Any CPU
		{3707FC4C-2A0F-4DF5-BE37-585116226002}.Release|Any CPU.Build.0 = Release|Any CPU
		{3707FC4C-2A0F-4DF5-BE37-585116226002}.Release|x64.ActiveCfg = Release|Any CPU
		{3707FC4C-2A0F-4DF5-BE37-585116226002}.Release|x64.Build.0 = Release|Any CPU
		{3707FC4C-2A0F-4DF5-BE37-585116226002}.Release|x86.ActiveCfg = Release|Any CPU
		{3707FC4C-2A0F-4DF5-BE37-585116226002}.Release|x86.Build.0 = Release|Any CPU
		{B108BD3D-8A09-46BF-9E71-AF7FF6F5EEA7}.Debug|Any CPU.ActiveCfg = Debug|Any CPU
		{B108BD3D-8A09-46BF-9E71-AF7FF6F5EEA7}.Debug|Any CPU.Build.0 = Debug|Any CPU
		{B108BD3D-8A09-46BF-9E71-AF7FF6F5EEA7}.Debug|x64.ActiveCfg = Debug|Any CPU
		{B108BD3D-8A09-46BF-9E71-AF7FF6F5EEA7}.Debug|x64.Build.0 = Debug|Any CPU
		{B108BD3D-8A09-46BF-9E71-AF7FF6F5EEA7}.Debug|x86.ActiveCfg = Debug|Any CPU
		{B108BD3D-8A09-46BF-9E71-AF7FF6F5EEA7}.Debug|x86.Build.0 = Debug|Any CPU
		{B108BD3D-8A09-46BF-9E71-AF7FF6F5EEA7}.Release|Any CPU.ActiveCfg = Release|Any CPU
		{B108BD3D-8A09-46BF-9E71-AF7FF6F5EEA7}.Release|Any CPU.Build.0 = Release|Any CPU
		{B108BD3D-8A09-46BF-9E71-AF7FF6F5EEA7}.Release|x64.ActiveCfg = Release|Any CPU
		{B108BD3D-8A09-46BF-9E71-AF7FF6F5EEA7}.Release|x64.Build.0 = Release|Any CPU
		{B108BD3D-8A09-46BF-9E71-AF7FF6F5EEA7}.Release|x86.ActiveCfg = Release|Any CPU
		{B108BD3D-8A09-46BF-9E71-AF7FF6F5EEA7}.Release|x86.Build.0 = Release|Any CPU
		{301E88BE-82B1-4AFD-8E49-CF4E78B7065F}.Debug|Any CPU.ActiveCfg = Debug|Any CPU
		{301E88BE-82B1-4AFD-8E49-CF4E78B7065F}.Debug|Any CPU.Build.0 = Debug|Any CPU
		{301E88BE-82B1-4AFD-8E49-CF4E78B7065F}.Debug|x64.ActiveCfg = Debug|Any CPU
		{301E88BE-82B1-4AFD-8E49-CF4E78B7065F}.Debug|x64.Build.0 = Debug|Any CPU
		{301E88BE-82B1-4AFD-8E49-CF4E78B7065F}.Debug|x86.ActiveCfg = Debug|Any CPU
		{301E88BE-82B1-4AFD-8E49-CF4E78B7065F}.Debug|x86.Build.0 = Debug|Any CPU
		{301E88BE-82B1-4AFD-8E49-CF4E78B7065F}.Release|Any CPU.ActiveCfg = Release|Any CPU
		{301E88BE-82B1-4AFD-8E49-CF4E78B7065F}.Release|Any CPU.Build.0 = Release|Any CPU
		{301E88BE-82B1-4AFD-8E49-CF4E78B7065F}.Release|x64.ActiveCfg = Release|Any CPU
		{301E88BE-82B1-4AFD-8E49-CF4E78B7065F}.Release|x64.Build.0 = Release|Any CPU
		{301E88BE-82B1-4AFD-8E49-CF4E78B7065F}.Release|x86.ActiveCfg = Release|Any CPU
		{301E88BE-82B1-4AFD-8E49-CF4E78B7065F}.Release|x86.Build.0 = Release|Any CPU
	EndGlobalSection
EndGlobal
